{
  "name": "supabase",
  "lockfileVersion": 2,
  "requires": true,
  "packages": {
    "": {
      "dependencies": {
        "country-region-data": "^2.7.0"
      }
    },
    "node_modules/country-region-data": {
      "version": "2.7.0",
      "resolved": "https://registry.npmjs.org/country-region-data/-/country-region-data-2.7.0.tgz",
      "integrity": "sha512-bBh+6PMt2uMCL4pPMYeR6GnoyOFgiITXPAdLU86gYOTOVvdgUyQtCaoIwdySDOUaFIEKXT94yuw+ldx614IUcA=="
    }
  },
  "dependencies": {
    "country-region-data": {
      "version": "2.7.0",
      "resolved": "https://registry.npmjs.org/country-region-data/-/country-region-data-2.7.0.tgz",
      "integrity": "sha512-bBh+6PMt2uMCL4pPMYeR6GnoyOFgiITXPAdLU86gYOTOVvdgUyQtCaoIwdySDOUaFIEKXT94yuw+ldx614IUcA=="
    }
  }
}
